
Microsoft Visual Studio Solution File, Format Version 12.00
# Visual Studio Version 17
VisualStudioVersion = 17.7.34031.279
MinimumVisualStudioVersion = 10.0.40219.1
Project("{FAE04EC0-301F-11D3-BF4B-00C04F79EFBC}") = "Homework3", "Homework3\Homework3.csproj", "{47B5C8B2-47E7-41D3-A96E-6C6854FC9E95}"
EndProject
Global
	GlobalSection(SolutionConfigurationPlatforms) = preSolution
		Debug|Any CPU = Debug|Any CPU
		Release|Any CPU = Release|Any CPU
	EndGlobalSection
	GlobalSection(ProjectConfigurationPlatforms) = postSolution
		{47B5C8B2-47E7-41D3-A96E-6C6854FC9E95}.Debug|Any CPU.ActiveCfg = Debug|Any CPU
		{47B5C8B2-47E7-41D3-A96E-6C6854FC9E95}.Debug|Any CPU.Build.0 = Debug|Any CPU
		{47B5C8B2-47E7-41D3-A96E-6C6854FC9E95}.Release|Any CPU.ActiveCfg = Release|Any CPU
		{47B5C8B2-47E7-41D3-A96E-6C6854FC9E95}.Release|Any CPU.Build.0 = Release|Any CPU
	EndGlobalSection
	GlobalSection(SolutionProperties) = preSolution
		HideSolutionNode = FALSE
	EndGlobalSection
	GlobalSection(ExtensibilityGlobals) = postSolution
		SolutionGuid = {FC65632C-B94B-478D-BA5A-8000D0D0E635}
	EndGlobalSection
EndGlobal
